// !$*UTF8*$!
{
	archiveVersion = 1;
	classes = {
	};
	objectVersion = 48;
	objects = {

/* Begin PBXBuildFile section */
		72F3374D202668BD001DE992 /* AppDelegate.swift in Sources */ = {isa = PBXBuildFile; fileRef = 72F3374C202668BD001DE992 /* AppDelegate.swift */; };
		72F3374F202668BD001DE992 /* ViewController.swift in Sources */ = {isa = PBXBuildFile; fileRef = 72F3374E202668BD001DE992 /* ViewController.swift */; };
		72F33752202668BD001DE992 /* Main.storyboard in Resources */ = {isa = PBXBuildFile; fileRef = 72F33750202668BD001DE992 /* Main.storyboard */; };
		72F33754202668BD001DE992 /* Assets.xcassets in Resources */ = {isa = PBXBuildFile; fileRef = 72F33753202668BD001DE992 /* Assets.xcassets */; };
		72F33757202668BD001DE992 /* LaunchScreen.storyboard in Resources */ = {isa = PBXBuildFile; fileRef = 72F33755202668BD001DE992 /* LaunchScreen.storyboard */; };
		72F33762202668BD001DE992 /* EfficiencyTrackerTests.swift in Sources */ = {isa = PBXBuildFile; fileRef = 72F33761202668BD001DE992 /* EfficiencyTrackerTests.swift */; };
/* End PBXBuildFile section */

/* Begin PBXContainerItemProxy section */
		72F3375E202668BD001DE992 /* PBXContainerItemProxy */ = {
			isa = PBXContainerItemProxy;
			containerPortal = 72F33741202668BC001DE992 /* Project object */;
			proxyType = 1;
			remoteGlobalIDString = 72F33748202668BC001DE992;
			remoteInfo = EfficiencyTracker;
		};
/* End PBXContainerItemProxy section */

/* Begin PBXFileReference section */
		72F33749202668BD001DE992 /* EfficiencyTracker.app */ = {isa = PBXFileReference; explicitFileType = wrapper.application; includeInIndex = 0; path = EfficiencyTracker.app; sourceTree = BUILT_PRODUCTS_DIR; };
		72F3374C202668BD001DE992 /* AppDelegate.swift */ = {isa = PBXFileReference; lastKnownFileType = sourcecode.swift; path = AppDelegate.swift; sourceTree = "<group>"; };
		72F3374E202668BD001DE992 /* ViewController.swift */ = {isa = PBXFileReference; lastKnownFileType = sourcecode.swift; path = ViewController.swift; sourceTree = "<group>"; };
		72F33751202668BD001DE992 /* Base */ = {isa = PBXFileReference; lastKnownFileType = file.storyboard; name = Base; path = Base.lproj/Main.storyboard; sourceTree = "<group>"; };
		72F33753202668BD001DE992 /* Assets.xcassets */ = {isa = PBXFileReference; lastKnownFileType = folder.assetcatalog; path = Assets.xcassets; sourceTree = "<group>"; };
		72F33756202668BD001DE992 /* Base */ = {isa = PBXFileReference; lastKnownFileType = file.storyboard; name = Base; path = Base.lproj/LaunchScreen.storyboard; sourceTree = "<group>"; };
		72F33758202668BD001DE992 /* Info.plist */ = {isa = PBXFileReference; lastKnownFileType = text.plist.xml; path = Info.plist; sourceTree = "<group>"; };
		72F3375D202668BD001DE992 /* EfficiencyTrackerTests.xctest */ = {isa = PBXFileReference; explicitFileType = wrapper.cfbundle; includeInIndex = 0; path = EfficiencyTrackerTests.xctest; sourceTree = BUILT_PRODUCTS_DIR; };
		72F33761202668BD001DE992 /* EfficiencyTrackerTests.swift */ = {isa = PBXFileReference; lastKnownFileType = sourcecode.swift; path = EfficiencyTrackerTests.swift; sourceTree = "<group>"; };
		72F33763202668BD001DE992 /* Info.plist */ = {isa = PBXFileReference; lastKnownFileType = text.plist.xml; path = Info.plist; sourceTree = "<group>"; };
/* End PBXFileReference section */

/* Begin PBXFrameworksBuildPhase section */
		72F33746202668BC001DE992 /* Frameworks */ = {
			isa = PBXFrameworksBuildPhase;
			buildActionMask = 2147483647;
			files = (
			);
			runOnlyForDeploymentPostprocessing = 0;
		};
		72F3375A202668BD001DE992 /* Frameworks */ = {
			isa = PBXFrameworksBuildPhase;
			buildActionMask = 2147483647;
			files = (
			);
			runOnlyForDeploymentPostprocessing = 0;
		};
/* End PBXFrameworksBuildPhase section */

/* Begin PBXGroup section */
		72F33740202668BC001DE992 = {
			isa = PBXGroup;
			children = (
				72F3374B202668BD001DE992 /* EfficiencyTracker */,
				72F33760202668BD001DE992 /* EfficiencyTrackerTests */,
				72F3374A202668BD001DE992 /* Products */,
			);
			sourceTree = "<group>";
		};
		72F3374A202668BD001DE992 /* Products */ = {
			isa = PBXGroup;
			children = (
				72F33749202668BD001DE992 /* EfficiencyTracker.app */,
				72F3375D202668BD001DE992 /* EfficiencyTrackerTests.xctest */,
			);
			name = Products;
			sourceTree = "<group>";
		};
		72F3374B202668BD001DE992 /* EfficiencyTracker */ = {
			isa = PBXGroup;
			children = (
				72F3374C202668BD001DE992 /* AppDelegate.swift */,
				72F3374E202668BD001DE992 /* ViewController.swift */,
				72F33750202668BD001DE992 /* Main.storyboard */,
				72F33753202668BD001DE992 /* Assets.xcassets */,
				72F33755202668BD001DE992 /* LaunchScreen.storyboard */,
				72F33758202668BD001DE992 /* Info.plist */,
			);
			path = EfficiencyTracker;
			sourceTree = "<group>";
		};
		72F33760202668BD001DE992 /* EfficiencyTrackerTests */ = {
			isa = PBXGroup;
			children = (
				72F33761202668BD001DE992 /* EfficiencyTrackerTests.swift */,
				72F33763202668BD001DE992 /* Info.plist */,
			);
			path = EfficiencyTrackerTests;
			sourceTree = "<group>";
		};
/* End PBXGroup section */

/* Begin PBXNativeTarget section */
		72F33748202668BC001DE992 /* EfficiencyTracker */ = {
			isa = PBXNativeTarget;
			buildConfigurationList = 72F33766202668BD001DE992 /* Build configuration list for PBXNativeTarget "EfficiencyTracker" */;
			buildPhases = (
				72F33745202668BC001DE992 /* Sources */,
				72F33746202668BC001DE992 /* Frameworks */,
				72F33747202668BC001DE992 /* Resources */,
			);
			buildRules = (
			);
			dependencies = (
			);
			name = EfficiencyTracker;
			productName = EfficiencyTracker;
			productReference = 72F33749202668BD001DE992 /* EfficiencyTracker.app */;
			productType = "com.apple.product-type.application";
		};
		72F3375C202668BD001DE992 /* EfficiencyTrackerTests */ = {
			isa = PBXNativeTarget;
			buildConfigurationList = 72F33769202668BD001DE992 /* Build configuration list for PBXNativeTarget "EfficiencyTrackerTests" */;
			buildPhases = (
				72F33759202668BD001DE992 /* Sources */,
				72F3375A202668BD001DE992 /* Frameworks */,
				72F3375B202668BD001DE992 /* Resources */,
			);
			buildRules = (
			);
			dependencies = (
				72F3375F202668BD001DE992 /* PBXTargetDependency */,
			);
			name = EfficiencyTrackerTests;
			productName = EfficiencyTrackerTests;
			productReference = 72F3375D202668BD001DE992 /* EfficiencyTrackerTests.xctest */;
			productType = "com.apple.product-type.bundle.unit-test";
		};
/* End PBXNativeTarget section */

/* Begin PBXProject section */
		72F33741202668BC001DE992 /* Project object */ = {
			isa = PBXProject;
			attributes = {
				LastSwiftUpdateCheck = 0920;
				LastUpgradeCheck = 0920;
				ORGANIZATIONNAME = devWeekHack;
				TargetAttributes = {
					72F33748202668BC001DE992 = {
						CreatedOnToolsVersion = 9.2;
						ProvisioningStyle = Automatic;
					};
					72F3375C202668BD001DE992 = {
						CreatedOnToolsVersion = 9.2;
						ProvisioningStyle = Automatic;
						TestTargetID = 72F33748202668BC001DE992;
					};
				};
			};
			buildConfigurationList = 72F33744202668BC001DE992 /* Build configuration list for PBXProject "EfficiencyTracker" */;
			compatibilityVersion = "Xcode 8.0";
			developmentRegion = en;
			hasScannedForEncodings = 0;
			knownRegions = (
				en,
				Base,
			);
			mainGroup = 72F33740202668BC001DE992;
			productRefGroup = 72F3374A202668BD001DE992 /* Products */;
			projectDirPath = "";
			projectRoot = "";
			targets = (
				72F33748202668BC001DE992 /* EfficiencyTracker */,
				72F3375C202668BD001DE992 /* EfficiencyTrackerTests */,
			);
		};
/* End PBXProject section */

/* Begin PBXResourcesBuildPhase section */
		72F33747202668BC001DE992 /* Resources */ = {
			isa = PBXResourcesBuildPhase;
			buildActionMask = 2147483647;
			files = (
				72F33757202668BD001DE992 /* LaunchScreen.storyboard in Resources */,
				72F33754202668BD001DE992 /* Assets.xcassets in Resources */,
				72F33752202668BD001DE992 /* Main.storyboard in Resources */,
			);
			runOnlyForDeploymentPostprocessing = 0;
		};
		72F3375B202668BD001DE992 /* Resources */ = {
			isa = PBXResourcesBuildPhase;
			buildActionMask = 2147483647;
			files = (
			);
			runOnlyForDeploymentPostprocessing = 0;
		};
/* End PBXResourcesBuildPhase section */

/* Begin PBXSourcesBuildPhase section */
		72F33745202668BC001DE992 /* Sources */ = {
			isa = PBXSourcesBuildPhase;
			buildActionMask = 2147483647;
			files = (
				72F3374F202668BD001DE992 /* ViewController.swift in Sources */,
				72F3374D202668BD001DE992 /* AppDelegate.swift in Sources */,
			);
			runOnlyForDeploymentPostprocessing = 0;
		};
		72F33759202668BD001DE992 /* Sources */ = {
			isa = PBXSourcesBuildPhase;
			buildActionMask = 2147483647;
			files = (
				72F33762202668BD001DE992 /* EfficiencyTrackerTests.swift in Sources */,
			);
			runOnlyForDeploymentPostprocessing = 0;
		};
/* End PBXSourcesBuildPhase section */

/* Begin PBXTargetDependency section */
		72F3375F202668BD001DE992 /* PBXTargetDependency */ = {
			isa = PBXTargetDependency;
			target = 72F33748202668BC001DE992 /* EfficiencyTracker */;
			targetProxy = 72F3375E202668BD001DE992 /* PBXContainerItemProxy */;
		};
/* End PBXTargetDependency section */

/* Begin PBXVariantGroup section */
		72F33750202668BD001DE992 /* Main.storyboard */ = {
			isa = PBXVariantGroup;
			children = (
				72F33751202668BD001DE992 /* Base */,
			);
			name = Main.storyboard;
			sourceTree = "<group>";
		};
		72F33755202668BD001DE992 /* LaunchScreen.storyboard */ = {
			isa = PBXVariantGroup;
			children = (
				72F33756202668BD001DE992 /* Base */,
			);
			name = LaunchScreen.storyboard;
			sourceTree = "<group>";
		};
/* End PBXVariantGroup section */

/* Begin XCBuildConfiguration section */
		72F33764202668BD001DE992 /* Debug */ = {
			isa = XCBuildConfiguration;
			buildSettings = {
				ALWAYS_SEARCH_USER_PATHS = NO;
				CLANG_ANALYZER_NONNULL = YES;
				CLANG_ANALYZER_NUMBER_OBJECT_CONVERSION = YES_AGGRESSIVE;
				CLANG_CXX_LANGUAGE_STANDARD = "gnu++14";
				CLANG_CXX_LIBRARY = "libc++";
				CLANG_ENABLE_MODULES = YES;
				CLANG_ENABLE_OBJC_ARC = YES;
				CLANG_WARN_BLOCK_CAPTURE_AUTORELEASING = YES;
				CLANG_WARN_BOOL_CONVERSION = YES;
				CLANG_WARN_COMMA = YES;
				CLANG_WARN_CONSTANT_CONVERSION = YES;
				CLANG_WARN_DIRECT_OBJC_ISA_USAGE = YES_ERROR;
				CLANG_WARN_DOCUMENTATION_COMMENTS = YES;
				CLANG_WARN_EMPTY_BODY = YES;
				CLANG_WARN_ENUM_CONVERSION = YES;
				CLANG_WARN_INFINITE_RECURSION = YES;
				CLANG_WARN_INT_CONVERSION = YES;
				CLANG_WARN_NON_LITERAL_NULL_CONVERSION = YES;
				CLANG_WARN_OBJC_LITERAL_CONVERSION = YES;
				CLANG_WARN_OBJC_ROOT_CLASS = YES_ERROR;
				CLANG_WARN_RANGE_LOOP_ANALYSIS = YES;
				CLANG_WARN_STRICT_PROTOTYPES = YES;
				CLANG_WARN_SUSPICIOUS_MOVE = YES;
				CLANG_WARN_UNGUARDED_AVAILABILITY = YES_AGGRESSIVE;
				CLANG_WARN_UNREACHABLE_CODE = YES;
				CLANG_WARN__DUPLICATE_METHOD_MATCH = YES;
				CODE_SIGN_IDENTITY = "iPhone Developer";
				COPY_PHASE_STRIP = NO;
				DEBUG_INFORMATION_FORMAT = dwarf;
				ENABLE_STRICT_OBJC_MSGSEND = YES;
				ENABLE_TESTABILITY = YES;
				GCC_C_LANGUAGE_STANDARD = gnu11;
				GCC_DYNAMIC_NO_PIC = NO;
				GCC_NO_COMMON_BLOCKS = YES;
				GCC_OPTIMIZATION_LEVEL = 0;
				GCC_PREPROCESSOR_DEFINITIONS = (
					"DEBUG=1",
					"$(inherited)",
				);
				GCC_WARN_64_TO_32_BIT_CONVERSION = YES;
				GCC_WARN_ABOUT_RETURN_TYPE = YES_ERROR;
				GCC_WARN_UNDECLARED_SELECTOR = YES;
				GCC_WARN_UNINITIALIZED_AUTOS = YES_AGGRESSIVE;
				GCC_WARN_UNUSED_FUNCTION = YES;
				GCC_WARN_UNUSED_VARIABLE = YES;
				IPHONEOS_DEPLOYMENT_TARGET = 11.2;
				MTL_ENABLE_DEBUG_INFO = YES;
				ONLY_ACTIVE_ARCH = YES;
				SDKROOT = iphoneos;
				SWIFT_ACTIVE_COMPILATION_CONDITIONS = DEBUG;
				SWIFT_OPTIMIZATION_LEVEL = "-Onone";
			};
			name = Debug;
		};
		72F33765202668BD001DE992 /* Release */ = {
			isa = XCBuildConfiguration;
			buildSettings = {
				ALWAYS_SEARCH_USER_PATHS = NO;
				CLANG_ANALYZER_NONNULL = YES;
				CLANG_ANALYZER_NUMBER_OBJECT_CONVERSION = YES_AGGRESSIVE;
				CLANG_CXX_LANGUAGE_STANDARD = "gnu++14";
				CLANG_CXX_LIBRARY = "libc++";
				CLANG_ENABLE_MODULES = YES;
				CLANG_ENABLE_OBJC_ARC = YES;
				CLANG_WARN_BLOCK_CAPTURE_AUTORELEASING = YES;
				CLANG_WARN_BOOL_CONVERSION = YES;
				CLANG_WARN_COMMA = YES;
				CLANG_WARN_CONSTANT_CONVERSION = YES;
				CLANG_WARN_DIRECT_OBJC_ISA_USAGE = YES_ERROR;
				CLANG_WARN_DOCUMENTATION_COMMENTS = YES;
				CLANG_WARN_EMPTY_BODY = YES;
				CLANG_WARN_ENUM_CONVERSION = YES;
				CLANG_WARN_INFINITE_RECURSION = YES;
				CLANG_WARN_INT_CONVERSION = YES;
				CLANG_WARN_NON_LITERAL_NULL_CONVERSION = YES;
				CLANG_WARN_OBJC_LITERAL_CONVERSION = YES;
				CLANG_WARN_OBJC_ROOT_CLASS = YES_ERROR;
				CLANG_WARN_RANGE_LOOP_ANALYSIS = YES;
				CLANG_WARN_STRICT_PROTOTYPES = YES;
				CLANG_WARN_SUSPICIOUS_MOVE = YES;
				CLANG_WARN_UNGUARDED_AVAILABILITY = YES_AGGRESSIVE;
				CLANG_WARN_UNREACHABLE_CODE = YES;
				CLANG_WARN__DUPLICATE_METHOD_MATCH = YES;
				CODE_SIGN_IDENTITY = "iPhone Developer";
				COPY_PHASE_STRIP = NO;
				DEBUG_INFORMATION_FORMAT = "dwarf-with-dsym";
				ENABLE_NS_ASSERTIONS = NO;
				ENABLE_STRICT_OBJC_MSGSEND = YES;
				GCC_C_LANGUAGE_STANDARD = gnu11;
				GCC_NO_COMMON_BLOCKS = YES;
				GCC_WARN_64_TO_32_BIT_CONVERSION = YES;
				GCC_WARN_ABOUT_RETURN_TYPE = YES_ERROR;
				GCC_WARN_UNDECLARED_SELECTOR = YES;
				GCC_WARN_UNINITIALIZED_AUTOS = YES_AGGRESSIVE;
				GCC_WARN_UNUSED_FUNCTION = YES;
				GCC_WARN_UNUSED_VARIABLE = YES;
				IPHONEOS_DEPLOYMENT_TARGET = 11.2;
				MTL_ENABLE_DEBUG_INFO = NO;
				SDKROOT = iphoneos;
				SWIFT_OPTIMIZATION_LEVEL = "-Owholemodule";
				VALIDATE_PRODUCT = YES;
			};
			name = Release;
		};
		72F33767202668BD001DE992 /* Debug */ = {
			isa = XCBuildConfiguration;
			buildSettings = {
				ASSETCATALOG_COMPILER_APPICON_NAME = AppIcon;
				CODE_SIGN_STYLE = Automatic;
				INFOPLIST_FILE = EfficiencyTracker/Info.plist;
				LD_RUNPATH_SEARCH_PATHS = "$(inherited) @executable_path/Frameworks";
				PRODUCT_BUNDLE_IDENTIFIER = "dev-week-hack.EfficiencyTracker";
				PRODUCT_NAME = "$(TARGET_NAME)";
				SWIFT_VERSION = 4.0;
				TARGETED_DEVICE_FAMILY = "1,2";
			};
			name = Debug;
		};
		72F33768202668BD001DE992 /* Release */ = {
			isa = XCBuildConfiguration;
			buildSettings = {
				ASSETCATALOG_COMPILER_APPICON_NAME = AppIcon;
				CODE_SIGN_STYLE = Automatic;
				INFOPLIST_FILE = EfficiencyTracker/Info.plist;
				LD_RUNPATH_SEARCH_PATHS = "$(inherited) @executable_path/Frameworks";
				PRODUCT_BUNDLE_IDENTIFIER = "dev-week-hack.EfficiencyTracker";
				PRODUCT_NAME = "$(TARGET_NAME)";
				SWIFT_VERSION = 4.0;
				TARGETED_DEVICE_FAMILY = "1,2";
			};
			name = Release;
		};
		72F3376A202668BD001DE992 /* Debug */ = {
			isa = XCBuildConfiguration;
			buildSettings = {
				ALWAYS_EMBED_SWIFT_STANDARD_LIBRARIES = YES;
				BUNDLE_LOADER = "$(TEST_HOST)";
				CODE_SIGN_STYLE = Automatic;
				INFOPLIST_FILE = EfficiencyTrackerTests/Info.plist;
				LD_RUNPATH_SEARCH_PATHS = "$(inherited) @executable_path/Frameworks @loader_path/Frameworks";
				PRODUCT_BUNDLE_IDENTIFIER = "dev-week-hack.EfficiencyTrackerTests";
				PRODUCT_NAME = "$(TARGET_NAME)";
				SWIFT_VERSION = 4.0;
				TARGETED_DEVICE_FAMILY = "1,2";
				TEST_HOST = "$(BUILT_PRODUCTS_DIR)/EfficiencyTracker.app/EfficiencyTracker";
			};
			name = Debug;
		};
		72F3376B202668BD001DE992 /* Release */ = {
			isa = XCBuildConfiguration;
			buildSettings = {
				ALWAYS_EMBED_SWIFT_STANDARD_LIBRARIES = YES;
				BUNDLE_LOADER = "$(TEST_HOST)";
				CODE_SIGN_STYLE = Automatic;
				INFOPLIST_FILE = EfficiencyTrackerTests/Info.plist;
				LD_RUNPATH_SEARCH_PATHS = "$(inherited) @executable_path/Frameworks @loader_path/Frameworks";
				PRODUCT_BUNDLE_IDENTIFIER = "dev-week-hack.EfficiencyTrackerTests";
				PRODUCT_NAME = "$(TARGET_NAME)";
				SWIFT_VERSION = 4.0;
				TARGETED_DEVICE_FAMILY = "1,2";
				TEST_HOST = "$(BUILT_PRODUCTS_DIR)/EfficiencyTracker.app/EfficiencyTracker";
			};
			name = Release;
		};
/* End XCBuildConfiguration section */

/* Begin XCConfigurationList section */
		72F33744202668BC001DE992 /* Build configuration list for PBXProject "EfficiencyTracker" */ = {
			isa = XCConfigurationList;
			buildConfigurations = (
				72F33764202668BD001DE992 /* Debug */,
				72F33765202668BD001DE992 /* Release */,
			);
			defaultConfigurationIsVisible = 0;
			defaultConfigurationName = Release;
		};
		72F33766202668BD001DE992 /* Build configuration list for PBXNativeTarget "EfficiencyTracker" */ = {
			isa = XCConfigurationList;
			buildConfigurations = (
				72F33767202668BD001DE992 /* Debug */,
				72F33768202668BD001DE992 /* Release */,
			);
			defaultConfigurationIsVisible = 0;
			defaultConfigurationName = Release;
		};
		72F33769202668BD001DE992 /* Build configuration list for PBXNativeTarget "EfficiencyTrackerTests" */ = {
			isa = XCConfigurationList;
			buildConfigurations = (
				72F3376A202668BD001DE992 /* Debug */,
				72F3376B202668BD001DE992 /* Release */,
			);
			defaultConfigurationIsVisible = 0;
			defaultConfigurationName = Release;
		};
/* End XCConfigurationList section */
	};
	rootObject = 72F33741202668BC001DE992 /* Project object */;
}
